# THIS IS AN AUTOGENERATED FILE. DO NOT EDIT THIS FILE DIRECTLY.
# yarn lockfile v1


"@graphprotocol/graph-ts@^0.38.1":
  version "0.38.1"
  resolved "https://registry.yarnpkg.com/@graphprotocol/graph-ts/-/graph-ts-0.38.1.tgz#15ce26672e9ddefd97c09e8c876810bd52390fbf"
  integrity sha512-CEE2mJugPuukPugMY4bJRW8t8lOqdNa6Y3Oc0x8xc0EwidjF1LRBcfbuC5Ep5gfvWILNC/IQTT1p+QYW8cz4Hw==
  dependencies:
    assemblyscript "0.27.31"

assemblyscript@0.27.31:
  version "0.27.31"
  resolved "https://registry.yarnpkg.com/assemblyscript/-/assemblyscript-0.27.31.tgz#07412b1bc42c67f78080dbaddca030ab74d3b9b2"
  integrity sha512-Ra8kiGhgJQGZcBxjtMcyVRxOEJZX64kd+XGpjWzjcjgxWJVv+CAQO0aDBk4GQVhjYbOkATarC83mHjAVGtwPBQ==
  dependencies:
    binaryen "116.0.0-nightly.20240114"
    long "^5.2.1"

binaryen@116.0.0-nightly.20240114:
  version "116.0.0-nightly.20240114"
  resolved "https://registry.yarnpkg.com/binaryen/-/binaryen-116.0.0-nightly.20240114.tgz#ad8bfbde77d4cb4715b93997114eefc30f45155b"
  integrity sha512-0GZrojJnuhoe+hiwji7QFaL3tBlJoA+KFUN7ouYSDGZLSo9CKM8swQX8n/UcbR0d1VuZKU+nhogNzv423JEu5A==

long@^5.2.1:
  version "5.3.2"
  resolved "https://registry.yarnpkg.com/long/-/long-5.3.2.tgz#1d84463095999262d7d7b7f8bfd4a8cc55167f83"
  integrity sha512-mNAgZ1GmyNhD7AuqnTG3/VQ26o760+ZYBPKjPvugO8+nLbYfX6TVpJPseBvopbdY+qpZ/lKUnmEc1LeZYS3QAA==
